{
  "name": "@dkta-labs/npm-resolver-image",
  "version": "12.0.2",
  "lockfileVersion": 3,
  "requires": true,
  "packages": {
    "": {
      "name": "@dkta-labs/npm-resolver-image",
      "version": "12.0.2",
      "dependencies": {
        "npm": "12.0.2"
      }
    },
    "node_modules/npm": {
      "version": "12.0.2",
      "resolved": "https://registry.npmjs.org/npm/-/npm-12.0.2.tgz",
      "integrity": "sha512-uIXokLlBj6FpNUTQX1PmT5pz7BlIN9QlixX+zdaSNHsd0qUXsbDLr50xzY6Sw7cJVr0uzHKDOle0swmPW/p5Qw==",
      "bin": {
        "npm": "bin/npm-cli.js",
        "npx": "bin/npx-cli.js"
      },
      "engines": {
        "node": "^20.17.0 || >=22.9.0"
      }
    }
  }
}
